
Microsoft Visual Studio Solution File, Format Version 12.00
# Visual Studio Version 16
VisualStudioVersion = 16.0.29503.13
MinimumVisualStudioVersion = 10.0.40219.1
Project("{FAE04EC0-301F-11D3-BF4B-00C04F79EFBC}") = "SecretosDeCocinaL", "SecretosDeCocinaL\SecretosDeCocinaL.csproj", "{4FC6D8C5-8FF5-4F82-9460-25608CFD5798}"
EndProject
Global
	GlobalSection(SolutionConfigurationPlatforms) = preSolution
		Debug|iPhone = Debug|iPhone
		Debug|iPhoneSimulator = Debug|iPhoneSimulator
		Release|iPhone = Release|iPhone
		Release|iPhoneSimulator = Release|iPhoneSimulator
	EndGlobalSection
	GlobalSection(ProjectConfigurationPlatforms) = postSolution
		{4FC6D8C5-8FF5-4F82-9460-25608CFD5798}.Debug|iPhone.ActiveCfg = Debug|iPhone
		{4FC6D8C5-8FF5-4F82-9460-25608CFD5798}.Debug|iPhone.Build.0 = Debug|iPhone
		{4FC6D8C5-8FF5-4F82-9460-25608CFD5798}.Debug|iPhone.Deploy.0 = Debug|iPhone
		{4FC6D8C5-8FF5-4F82-9460-25608CFD5798}.Debug|iPhoneSimulator.ActiveCfg = Debug|iPhoneSimulator
		{4FC6D8C5-8FF5-4F82-9460-25608CFD5798}.Debug|iPhoneSimulator.Build.0 = Debug|iPhoneSimulator
		{4FC6D8C5-8FF5-4F82-9460-25608CFD5798}.Debug|iPhoneSimulator.Deploy.0 = Debug|iPhoneSimulator
		{4FC6D8C5-8FF5-4F82-9460-25608CFD5798}.Release|iPhone.ActiveCfg = Release|iPhone
		{4FC6D8C5-8FF5-4F82-9460-25608CFD5798}.Release|iPhone.Build.0 = Release|iPhone
		{4FC6D8C5-8FF5-4F82-9460-25608CFD5798}.Release|iPhone.Deploy.0 = Release|iPhone
		{4FC6D8C5-8FF5-4F82-9460-25608CFD5798}.Release|iPhoneSimulator.ActiveCfg = Release|iPhoneSimulator
		{4FC6D8C5-8FF5-4F82-9460-25608CFD5798}.Release|iPhoneSimulator.Build.0 = Release|iPhoneSimulator
		{4FC6D8C5-8FF5-4F82-9460-25608CFD5798}.Release|iPhoneSimulator.Deploy.0 = Release|iPhoneSimulator
	EndGlobalSection
	GlobalSection(SolutionProperties) = preSolution
		HideSolutionNode = FALSE
	EndGlobalSection
	GlobalSection(ExtensibilityGlobals) = postSolution
		SolutionGuid = {17C19ABB-5BB3-49A9-B162-37544ECA8DDF}
	EndGlobalSection
EndGlobal
